
Microsoft Visual Studio Solution File, Format Version 12.00
# Visual Studio Version 17
VisualStudioVersion = 17.5.33530.505
MinimumVisualStudioVersion = 10.0.40219.1
Project("{FAE04EC0-301F-11D3-BF4B-00C04F79EFBC}") = "labday3", "labday3\labday3.csproj", "{B4504D4D-C654-42EF-903A-1818674C886C}"
EndProject
Global
	GlobalSection(SolutionConfigurationPlatforms) = preSolution
		Debug|Any CPU = Debug|Any CPU
		Release|Any CPU = Release|Any CPU
	EndGlobalSection
	GlobalSection(ProjectConfigurationPlatforms) = postSolution
		{B4504D4D-C654-42EF-903A-1818674C886C}.Debug|Any CPU.ActiveCfg = Debug|Any CPU
		{B4504D4D-C654-42EF-903A-1818674C886C}.Debug|Any CPU.Build.0 = Debug|Any CPU
		{B4504D4D-C654-42EF-903A-1818674C886C}.Release|Any CPU.ActiveCfg = Release|Any CPU
		{B4504D4D-C654-42EF-903A-1818674C886C}.Release|Any CPU.Build.0 = Release|Any CPU
	EndGlobalSection
	GlobalSection(SolutionProperties) = preSolution
		HideSolutionNode = FALSE
	EndGlobalSection
	GlobalSection(ExtensibilityGlobals) = postSolution
		SolutionGuid = {7F718DA4-F2FF-417B-9643-5B20DE4B1A3A}
	EndGlobalSection
EndGlobal
